// !$*UTF8*$!
{
	archiveVersion = 1;
	classes = {
	};
	objectVersion = 77;
	objects = {

/* Begin PBXBuildFile section */
		E4CFD0AC2DE62AB7004631DB /* FirebaseAI in Frameworks */ = {isa = PBXBuildFile; productRef = E4CFD0AB2DE62AB7004631DB /* FirebaseAI */; };
		E4CFD0AE2DE62AB7004631DB /* FirebaseAnalytics in Frameworks */ = {isa = PBXBuildFile; productRef = E4CFD0AD2DE62AB7004631DB /* FirebaseAnalytics */; };
		E4CFD0B02DE62AB7004631DB /* FirebaseAnalyticsOnDeviceConversion in Frameworks */ = {isa = PBXBuildFile; productRef = E4CFD0AF2DE62AB7004631DB /* FirebaseAnalyticsOnDeviceConversion */; };
		E4CFD0B22DE62AB7004631DB /* FirebaseAnalyticsWithoutAdIdSupport in Frameworks */ = {isa = PBXBuildFile; productRef = E4CFD0B12DE62AB7004631DB /* FirebaseAnalyticsWithoutAdIdSupport */; };
		E4CFD0B42DE62AB7004631DB /* FirebaseAppCheck in Frameworks */ = {isa = PBXBuildFile; productRef = E4CFD0B32DE62AB7004631DB /* FirebaseAppCheck */; };
		E4CFD0B62DE62AB7004631DB /* FirebaseAppDistribution-Beta in Frameworks */ = {isa = PBXBuildFile; productRef = E4CFD0B52DE62AB7004631DB /* FirebaseAppDistribution-Beta */; };
		E4CFD0B82DE62AB7004631DB /* FirebaseAuth in Frameworks */ = {isa = PBXBuildFile; productRef = E4CFD0B72DE62AB7004631DB /* FirebaseAuth */; };
		E4CFD0BA2DE62AB7004631DB /* FirebaseAuthCombine-Community in Frameworks */ = {isa = PBXBuildFile; productRef = E4CFD0B92DE62AB7004631DB /* FirebaseAuthCombine-Community */; };
		E4CFD0BC2DE62AB7004631DB /* FirebaseCore in Frameworks */ = {isa = PBXBuildFile; productRef = E4CFD0BB2DE62AB7004631DB /* FirebaseCore */; };
		E4CFD0BE2DE62AB7004631DB /* FirebaseCrashlytics in Frameworks */ = {isa = PBXBuildFile; productRef = E4CFD0BD2DE62AB7004631DB /* FirebaseCrashlytics */; };
		E4CFD0C02DE62AB7004631DB /* FirebaseDatabase in Frameworks */ = {isa = PBXBuildFile; productRef = E4CFD0BF2DE62AB7004631DB /* FirebaseDatabase */; };
		E4CFD0C22DE62AB7004631DB /* FirebaseDynamicLinks in Frameworks */ = {isa = PBXBuildFile; productRef = E4CFD0C12DE62AB7004631DB /* FirebaseDynamicLinks */; };
		E4CFD0C42DE62AB7004631DB /* FirebaseFirestore in Frameworks */ = {isa = PBXBuildFile; productRef = E4CFD0C32DE62AB7004631DB /* FirebaseFirestore */; };
		E4CFD0C62DE62AB7004631DB /* FirebaseFirestoreCombine-Community in Frameworks */ = {isa = PBXBuildFile; productRef = E4CFD0C52DE62AB7004631DB /* FirebaseFirestoreCombine-Community */; };
		E4CFD0C82DE62AB7004631DB /* FirebaseFunctions in Frameworks */ = {isa = PBXBuildFile; productRef = E4CFD0C72DE62AB7004631DB /* FirebaseFunctions */; };
		E4CFD0CA2DE62AB7004631DB /* FirebaseFunctionsCombine-Community in Frameworks */ = {isa = PBXBuildFile; productRef = E4CFD0C92DE62AB7004631DB /* FirebaseFunctionsCombine-Community */; };
		E4CFD0CC2DE62AB7004631DB /* FirebaseInAppMessaging-Beta in Frameworks */ = {isa = PBXBuildFile; productRef = E4CFD0CB2DE62AB7004631DB /* FirebaseInAppMessaging-Beta */; };
		E4CFD0CE2DE62AB7004631DB /* FirebaseInstallations in Frameworks */ = {isa = PBXBuildFile; productRef = E4CFD0CD2DE62AB7004631DB /* FirebaseInstallations */; };
		E4CFD0D02DE62AB7004631DB /* FirebaseMLModelDownloader in Frameworks */ = {isa = PBXBuildFile; productRef = E4CFD0CF2DE62AB7004631DB /* FirebaseMLModelDownloader */; };
		E4CFD0D22DE62AB7004631DB /* FirebaseMessaging in Frameworks */ = {isa = PBXBuildFile; productRef = E4CFD0D12DE62AB7004631DB /* FirebaseMessaging */; };
		E4CFD0D42DE62AB7004631DB /* FirebasePerformance in Frameworks */ = {isa = PBXBuildFile; productRef = E4CFD0D32DE62AB7004631DB /* FirebasePerformance */; };
		E4CFD0D62DE62AB7004631DB /* FirebaseRemoteConfig in Frameworks */ = {isa = PBXBuildFile; productRef = E4CFD0D52DE62AB7004631DB /* FirebaseRemoteConfig */; };
		E4CFD0D82DE62AB7004631DB /* FirebaseStorage in Frameworks */ = {isa = PBXBuildFile; productRef = E4CFD0D72DE62AB7004631DB /* FirebaseStorage */; };
		E4CFD0DA2DE62AB7004631DB /* FirebaseStorageCombine-Community in Frameworks */ = {isa = PBXBuildFile; productRef = E4CFD0D92DE62AB7004631DB /* FirebaseStorageCombine-Community */; };
		E4CFD0DC2DE62AB7004631DB /* FirebaseVertexAI in Frameworks */ = {isa = PBXBuildFile; productRef = E4CFD0DB2DE62AB7004631DB /* FirebaseVertexAI */; };
/* End PBXBuildFile section */

/* Begin PBXContainerItemProxy section */
		E4CFCFC42DE5FEBE004631DB /* PBXContainerItemProxy */ = {
			isa = PBXContainerItemProxy;
			containerPortal = E4CFCFAB2DE5FEBC004631DB /* Project object */;
			proxyType = 1;
			remoteGlobalIDString = E4CFCFB22DE5FEBC004631DB;
			remoteInfo = ChatSwiftUi;
		};
		E4CFCFCE2DE5FEBE004631DB /* PBXContainerItemProxy */ = {
			isa = PBXContainerItemProxy;
			containerPortal = E4CFCFAB2DE5FEBC004631DB /* Project object */;
			proxyType = 1;
			remoteGlobalIDString = E4CFCFB22DE5FEBC004631DB;
			remoteInfo = ChatSwiftUi;
		};
/* End PBXContainerItemProxy section */

/* Begin PBXFileReference section */
		E4CFCFB32DE5FEBC004631DB /* ChatSwiftUi.app */ = {isa = PBXFileReference; explicitFileType = wrapper.application; includeInIndex = 0; path = ChatSwiftUi.app; sourceTree = BUILT_PRODUCTS_DIR; };
		E4CFCFC32DE5FEBE004631DB /* ChatSwiftUiTests.xctest */ = {isa = PBXFileReference; explicitFileType = wrapper.cfbundle; includeInIndex = 0; path = ChatSwiftUiTests.xctest; sourceTree = BUILT_PRODUCTS_DIR; };
		E4CFCFCD2DE5FEBE004631DB /* ChatSwiftUiUITests.xctest */ = {isa = PBXFileReference; explicitFileType = wrapper.cfbundle; includeInIndex = 0; path = ChatSwiftUiUITests.xctest; sourceTree = BUILT_PRODUCTS_DIR; };
/* End PBXFileReference section */

/* Begin PBXFileSystemSynchronizedRootGroup section */
		E4CFCFB52DE5FEBC004631DB /* ChatSwiftUi */ = {
			isa = PBXFileSystemSynchronizedRootGroup;
			path = ChatSwiftUi;
			sourceTree = "<group>";
		};
		E4CFCFC62DE5FEBE004631DB /* ChatSwiftUiTests */ = {
			isa = PBXFileSystemSynchronizedRootGroup;
			path = ChatSwiftUiTests;
			sourceTree = "<group>";
		};
		E4CFCFD02DE5FEBE004631DB /* ChatSwiftUiUITests */ = {
			isa = PBXFileSystemSynchronizedRootGroup;
			path = ChatSwiftUiUITests;
			sourceTree = "<group>";
		};
/* End PBXFileSystemSynchronizedRootGroup section */

/* Begin PBXFrameworksBuildPhase section */
		E4CFCFB02DE5FEBC004631DB /* Frameworks */ = {
			isa = PBXFrameworksBuildPhase;
			buildActionMask = 2147483647;
			files = (
				E4CFD0AE2DE62AB7004631DB /* FirebaseAnalytics in Frameworks */,
				E4CFD0C42DE62AB7004631DB /* FirebaseFirestore in Frameworks */,
				E4CFD0B02DE62AB7004631DB /* FirebaseAnalyticsOnDeviceConversion in Frameworks */,
				E4CFD0CE2DE62AB7004631DB /* FirebaseInstallations in Frameworks */,
				E4CFD0AC2DE62AB7004631DB /* FirebaseAI in Frameworks */,
				E4CFD0B42DE62AB7004631DB /* FirebaseAppCheck in Frameworks */,
				E4CFD0CC2DE62AB7004631DB /* FirebaseInAppMessaging-Beta in Frameworks */,
				E4CFD0B22DE62AB7004631DB /* FirebaseAnalyticsWithoutAdIdSupport in Frameworks */,
				E4CFD0B82DE62AB7004631DB /* FirebaseAuth in Frameworks */,
				E4CFD0CA2DE62AB7004631DB /* FirebaseFunctionsCombine-Community in Frameworks */,
				E4CFD0DA2DE62AB7004631DB /* FirebaseStorageCombine-Community in Frameworks */,
				E4CFD0B62DE62AB7004631DB /* FirebaseAppDistribution-Beta in Frameworks */,
				E4CFD0DC2DE62AB7004631DB /* FirebaseVertexAI in Frameworks */,
				E4CFD0D82DE62AB7004631DB /* FirebaseStorage in Frameworks */,
				E4CFD0D62DE62AB7004631DB /* FirebaseRemoteConfig in Frameworks */,
				E4CFD0BE2DE62AB7004631DB /* FirebaseCrashlytics in Frameworks */,
				E4CFD0D22DE62AB7004631DB /* FirebaseMessaging in Frameworks */,
				E4CFD0D02DE62AB7004631DB /* FirebaseMLModelDownloader in Frameworks */,
				E4CFD0D42DE62AB7004631DB /* FirebasePerformance in Frameworks */,
				E4CFD0C02DE62AB7004631DB /* FirebaseDatabase in Frameworks */,
				E4CFD0BC2DE62AB7004631DB /* FirebaseCore in Frameworks */,
				E4CFD0BA2DE62AB7004631DB /* FirebaseAuthCombine-Community in Frameworks */,
				E4CFD0C82DE62AB7004631DB /* FirebaseFunctions in Frameworks */,
				E4CFD0C22DE62AB7004631DB /* FirebaseDynamicLinks in Frameworks */,
				E4CFD0C62DE62AB7004631DB /* FirebaseFirestoreCombine-Community in Frameworks */,
			);
			runOnlyForDeploymentPostprocessing = 0;
		};
		E4CFCFC02DE5FEBE004631DB /* Frameworks */ = {
			isa = PBXFrameworksBuildPhase;
			buildActionMask = 2147483647;
			files = (
			);
			runOnlyForDeploymentPostprocessing = 0;
		};
		E4CFCFCA2DE5FEBE004631DB /* Frameworks */ = {
			isa = PBXFrameworksBuildPhase;
			buildActionMask = 2147483647;
			files = (
			);
			runOnlyForDeploymentPostprocessing = 0;
		};
/* End PBXFrameworksBuildPhase section */

/* Begin PBXGroup section */
		E4CFCFAA2DE5FEBC004631DB = {
			isa = PBXGroup;
			children = (
				E4CFCFB52DE5FEBC004631DB /* ChatSwiftUi */,
				E4CFCFC62DE5FEBE004631DB /* ChatSwiftUiTests */,
				E4CFCFD02DE5FEBE004631DB /* ChatSwiftUiUITests */,
				E4CFD0892DE60B24004631DB /* Frameworks */,
				E4CFCFB42DE5FEBC004631DB /* Products */,
			);
			sourceTree = "<group>";
		};
		E4CFCFB42DE5FEBC004631DB /* Products */ = {
			isa = PBXGroup;
			children = (
				E4CFCFB32DE5FEBC004631DB /* ChatSwiftUi.app */,
				E4CFCFC32DE5FEBE004631DB /* ChatSwiftUiTests.xctest */,
				E4CFCFCD2DE5FEBE004631DB /* ChatSwiftUiUITests.xctest */,
			);
			name = Products;
			sourceTree = "<group>";
		};
		E4CFD0892DE60B24004631DB /* Frameworks */ = {
			isa = PBXGroup;
			children = (
			);
			name = Frameworks;
			sourceTree = "<group>";
		};
/* End PBXGroup section */

/* Begin PBXNativeTarget section */
		E4CFCFB22DE5FEBC004631DB /* ChatSwiftUi */ = {
			isa = PBXNativeTarget;
			buildConfigurationList = E4CFCFD72DE5FEBE004631DB /* Build configuration list for PBXNativeTarget "ChatSwiftUi" */;
			buildPhases = (
				E4CFCFAF2DE5FEBC004631DB /* Sources */,
				E4CFCFB02DE5FEBC004631DB /* Frameworks */,
				E4CFCFB12DE5FEBC004631DB /* Resources */,
			);
			buildRules = (
			);
			dependencies = (
			);
			fileSystemSynchronizedGroups = (
				E4CFCFB52DE5FEBC004631DB /* ChatSwiftUi */,
			);
			name = ChatSwiftUi;
			packageProductDependencies = (
				E4CFD0AB2DE62AB7004631DB /* FirebaseAI */,
				E4CFD0AD2DE62AB7004631DB /* FirebaseAnalytics */,
				E4CFD0AF2DE62AB7004631DB /* FirebaseAnalyticsOnDeviceConversion */,
				E4CFD0B12DE62AB7004631DB /* FirebaseAnalyticsWithoutAdIdSupport */,
				E4CFD0B32DE62AB7004631DB /* FirebaseAppCheck */,
				E4CFD0B52DE62AB7004631DB /* FirebaseAppDistribution-Beta */,
				E4CFD0B72DE62AB7004631DB /* FirebaseAuth */,
				E4CFD0B92DE62AB7004631DB /* FirebaseAuthCombine-Community */,
				E4CFD0BB2DE62AB7004631DB /* FirebaseCore */,
				E4CFD0BD2DE62AB7004631DB /* FirebaseCrashlytics */,
				E4CFD0BF2DE62AB7004631DB /* FirebaseDatabase */,
				E4CFD0C12DE62AB7004631DB /* FirebaseDynamicLinks */,
				E4CFD0C32DE62AB7004631DB /* FirebaseFirestore */,
				E4CFD0C52DE62AB7004631DB /* FirebaseFirestoreCombine-Community */,
				E4CFD0C72DE62AB7004631DB /* FirebaseFunctions */,
				E4CFD0C92DE62AB7004631DB /* FirebaseFunctionsCombine-Community */,
				E4CFD0CB2DE62AB7004631DB /* FirebaseInAppMessaging-Beta */,
				E4CFD0CD2DE62AB7004631DB /* FirebaseInstallations */,
				E4CFD0CF2DE62AB7004631DB /* FirebaseMLModelDownloader */,
				E4CFD0D12DE62AB7004631DB /* FirebaseMessaging */,
				E4CFD0D32DE62AB7004631DB /* FirebasePerformance */,
				E4CFD0D52DE62AB7004631DB /* FirebaseRemoteConfig */,
				E4CFD0D72DE62AB7004631DB /* FirebaseStorage */,
				E4CFD0D92DE62AB7004631DB /* FirebaseStorageCombine-Community */,
				E4CFD0DB2DE62AB7004631DB /* FirebaseVertexAI */,
			);
			productName = ChatSwiftUi;
			productReference = E4CFCFB32DE5FEBC004631DB /* ChatSwiftUi.app */;
			productType = "com.apple.product-type.application";
		};
		E4CFCFC22DE5FEBE004631DB /* ChatSwiftUiTests */ = {
			isa = PBXNativeTarget;
			buildConfigurationList = E4CFCFDA2DE5FEBE004631DB /* Build configuration list for PBXNativeTarget "ChatSwiftUiTests" */;
			buildPhases = (
				E4CFCFBF2DE5FEBE004631DB /* Sources */,
				E4CFCFC02DE5FEBE004631DB /* Frameworks */,
				E4CFCFC12DE5FEBE004631DB /* Resources */,
			);
			buildRules = (
			);
			dependencies = (
				E4CFCFC52DE5FEBE004631DB /* PBXTargetDependency */,
			);
			fileSystemSynchronizedGroups = (
				E4CFCFC62DE5FEBE004631DB /* ChatSwiftUiTests */,
			);
			name = ChatSwiftUiTests;
			packageProductDependencies = (
			);
			productName = ChatSwiftUiTests;
			productReference = E4CFCFC32DE5FEBE004631DB /* ChatSwiftUiTests.xctest */;
			productType = "com.apple.product-type.bundle.unit-test";
		};
		E4CFCFCC2DE5FEBE004631DB /* ChatSwiftUiUITests */ = {
			isa = PBXNativeTarget;
			buildConfigurationList = E4CFCFDD2DE5FEBE004631DB /* Build configuration list for PBXNativeTarget "ChatSwiftUiUITests" */;
			buildPhases = (
				E4CFCFC92DE5FEBE004631DB /* Sources */,
				E4CFCFCA2DE5FEBE004631DB /* Frameworks */,
				E4CFCFCB2DE5FEBE004631DB /* Resources */,
			);
			buildRules = (
			);
			dependencies = (
				E4CFCFCF2DE5FEBE004631DB /* PBXTargetDependency */,
			);
			fileSystemSynchronizedGroups = (
				E4CFCFD02DE5FEBE004631DB /* ChatSwiftUiUITests */,
			);
			name = ChatSwiftUiUITests;
			packageProductDependencies = (
			);
			productName = ChatSwiftUiUITests;
			productReference = E4CFCFCD2DE5FEBE004631DB /* ChatSwiftUiUITests.xctest */;
			productType = "com.apple.product-type.bundle.ui-testing";
		};
/* End PBXNativeTarget section */

/* Begin PBXProject section */
		E4CFCFAB2DE5FEBC004631DB /* Project object */ = {
			isa = PBXProject;
			attributes = {
				BuildIndependentTargetsInParallel = 1;
				LastSwiftUpdateCheck = 1620;
				LastUpgradeCheck = 1620;
				TargetAttributes = {
					E4CFCFB22DE5FEBC004631DB = {
						CreatedOnToolsVersion = 16.2;
					};
					E4CFCFC22DE5FEBE004631DB = {
						CreatedOnToolsVersion = 16.2;
						TestTargetID = E4CFCFB22DE5FEBC004631DB;
					};
					E4CFCFCC2DE5FEBE004631DB = {
						CreatedOnToolsVersion = 16.2;
						TestTargetID = E4CFCFB22DE5FEBC004631DB;
					};
				};
			};
			buildConfigurationList = E4CFCFAE2DE5FEBC004631DB /* Build configuration list for PBXProject "ChatSwiftUi" */;
			developmentRegion = en;
			hasScannedForEncodings = 0;
			knownRegions = (
				en,
				Base,
			);
			mainGroup = E4CFCFAA2DE5FEBC004631DB;
			minimizedProjectReferenceProxies = 1;
			packageReferences = (
				E4CFD0AA2DE62AB7004631DB /* XCRemoteSwiftPackageReference "firebase-ios-sdk" */,
			);
			preferredProjectObjectVersion = 77;
			productRefGroup = E4CFCFB42DE5FEBC004631DB /* Products */;
			projectDirPath = "";
			projectRoot = "";
			targets = (
				E4CFCFB22DE5FEBC004631DB /* ChatSwiftUi */,
				E4CFCFC22DE5FEBE004631DB /* ChatSwiftUiTests */,
				E4CFCFCC2DE5FEBE004631DB /* ChatSwiftUiUITests */,
			);
		};
/* End PBXProject section */

/* Begin PBXResourcesBuildPhase section */
		E4CFCFB12DE5FEBC004631DB /* Resources */ = {
			isa = PBXResourcesBuildPhase;
			buildActionMask = 2147483647;
			files = (
			);
			runOnlyForDeploymentPostprocessing = 0;
		};
		E4CFCFC12DE5FEBE004631DB /* Resources */ = {
			isa = PBXResourcesBuildPhase;
			buildActionMask = 2147483647;
			files = (
			);
			runOnlyForDeploymentPostprocessing = 0;
		};
		E4CFCFCB2DE5FEBE004631DB /* Resources */ = {
			isa = PBXResourcesBuildPhase;
			buildActionMask = 2147483647;
			files = (
			);
			runOnlyForDeploymentPostprocessing = 0;
		};
/* End PBXResourcesBuildPhase section */

/* Begin PBXSourcesBuildPhase section */
		E4CFCFAF2DE5FEBC004631DB /* Sources */ = {
			isa = PBXSourcesBuildPhase;
			buildActionMask = 2147483647;
			files = (
			);
			runOnlyForDeploymentPostprocessing = 0;
		};
		E4CFCFBF2DE5FEBE004631DB /* Sources */ = {
			isa = PBXSourcesBuildPhase;
			buildActionMask = 2147483647;
			files = (
			);
			runOnlyForDeploymentPostprocessing = 0;
		};
		E4CFCFC92DE5FEBE004631DB /* Sources */ = {
			isa = PBXSourcesBuildPhase;
			buildActionMask = 2147483647;
			files = (
			);
			runOnlyForDeploymentPostprocessing = 0;
		};
/* End PBXSourcesBuildPhase section */

/* Begin PBXTargetDependency section */
		E4CFCFC52DE5FEBE004631DB /* PBXTargetDependency */ = {
			isa = PBXTargetDependency;
			target = E4CFCFB22DE5FEBC004631DB /* ChatSwiftUi */;
			targetProxy = E4CFCFC42DE5FEBE004631DB /* PBXContainerItemProxy */;
		};
		E4CFCFCF2DE5FEBE004631DB /* PBXTargetDependency */ = {
			isa = PBXTargetDependency;
			target = E4CFCFB22DE5FEBC004631DB /* ChatSwiftUi */;
			targetProxy = E4CFCFCE2DE5FEBE004631DB /* PBXContainerItemProxy */;
		};
/* End PBXTargetDependency section */

/* Begin XCBuildConfiguration section */
		E4CFCFD52DE5FEBE004631DB /* Debug */ = {
			isa = XCBuildConfiguration;
			buildSettings = {
				ALWAYS_SEARCH_USER_PATHS = NO;
				ASSETCATALOG_COMPILER_GENERATE_SWIFT_ASSET_SYMBOL_EXTENSIONS = YES;
				CLANG_ANALYZER_NONNULL = YES;
				CLANG_ANALYZER_NUMBER_OBJECT_CONVERSION = YES_AGGRESSIVE;
				CLANG_CXX_LANGUAGE_STANDARD = "gnu++20";
				CLANG_ENABLE_MODULES = YES;
				CLANG_ENABLE_OBJC_ARC = YES;
				CLANG_ENABLE_OBJC_WEAK = YES;
				CLANG_WARN_BLOCK_CAPTURE_AUTORELEASING = YES;
				CLANG_WARN_BOOL_CONVERSION = YES;
				CLANG_WARN_COMMA = YES;
				CLANG_WARN_CONSTANT_CONVERSION = YES;
				CLANG_WARN_DEPRECATED_OBJC_IMPLEMENTATIONS = YES;
				CLANG_WARN_DIRECT_OBJC_ISA_USAGE = YES_ERROR;
				CLANG_WARN_DOCUMENTATION_COMMENTS = YES;
				CLANG_WARN_EMPTY_BODY = YES;
				CLANG_WARN_ENUM_CONVERSION = YES;
				CLANG_WARN_INFINITE_RECURSION = YES;
				CLANG_WARN_INT_CONVERSION = YES;
				CLANG_WARN_NON_LITERAL_NULL_CONVERSION = YES;
				CLANG_WARN_OBJC_IMPLICIT_RETAIN_SELF = YES;
				CLANG_WARN_OBJC_LITERAL_CONVERSION = YES;
				CLANG_WARN_OBJC_ROOT_CLASS = YES_ERROR;
				CLANG_WARN_QUOTED_INCLUDE_IN_FRAMEWORK_HEADER = YES;
				CLANG_WARN_RANGE_LOOP_ANALYSIS = YES;
				CLANG_WARN_STRICT_PROTOTYPES = YES;
				CLANG_WARN_SUSPICIOUS_MOVE = YES;
				CLANG_WARN_UNGUARDED_AVAILABILITY = YES_AGGRESSIVE;
				CLANG_WARN_UNREACHABLE_CODE = YES;
				CLANG_WARN__DUPLICATE_METHOD_MATCH = YES;
				COPY_PHASE_STRIP = NO;
				DEBUG_INFORMATION_FORMAT = dwarf;
				ENABLE_STRICT_OBJC_MSGSEND = YES;
				ENABLE_TESTABILITY = YES;
				ENABLE_USER_SCRIPT_SANDBOXING = YES;
				GCC_C_LANGUAGE_STANDARD = gnu17;
				GCC_DYNAMIC_NO_PIC = NO;
				GCC_NO_COMMON_BLOCKS = YES;
				GCC_OPTIMIZATION_LEVEL = 0;
				GCC_PREPROCESSOR_DEFINITIONS = (
					"DEBUG=1",
					"$(inherited)",
				);
				GCC_WARN_64_TO_32_BIT_CONVERSION = YES;
				GCC_WARN_ABOUT_RETURN_TYPE = YES_ERROR;
				GCC_WARN_UNDECLARED_SELECTOR = YES;
				GCC_WARN_UNINITIALIZED_AUTOS = YES_AGGRESSIVE;
				GCC_WARN_UNUSED_FUNCTION = YES;
				GCC_WARN_UNUSED_VARIABLE = YES;
				IPHONEOS_DEPLOYMENT_TARGET = 18.2;
				LOCALIZATION_PREFERS_STRING_CATALOGS = YES;
				MTL_ENABLE_DEBUG_INFO = INCLUDE_SOURCE;
				MTL_FAST_MATH = YES;
				ONLY_ACTIVE_ARCH = YES;
				SDKROOT = iphoneos;
				SWIFT_ACTIVE_COMPILATION_CONDITIONS = "DEBUG $(inherited)";
				SWIFT_OPTIMIZATION_LEVEL = "-Onone";
			};
			name = Debug;
		};
		E4CFCFD62DE5FEBE004631DB /* Release */ = {
			isa = XCBuildConfiguration;
			buildSettings = {
				ALWAYS_SEARCH_USER_PATHS = NO;
				ASSETCATALOG_COMPILER_GENERATE_SWIFT_ASSET_SYMBOL_EXTENSIONS = YES;
				CLANG_ANALYZER_NONNULL = YES;
				CLANG_ANALYZER_NUMBER_OBJECT_CONVERSION = YES_AGGRESSIVE;
				CLANG_CXX_LANGUAGE_STANDARD = "gnu++20";
				CLANG_ENABLE_MODULES = YES;
				CLANG_ENABLE_OBJC_ARC = YES;
				CLANG_ENABLE_OBJC_WEAK = YES;
				CLANG_WARN_BLOCK_CAPTURE_AUTORELEASING = YES;
				CLANG_WARN_BOOL_CONVERSION = YES;
				CLANG_WARN_COMMA = YES;
				CLANG_WARN_CONSTANT_CONVERSION = YES;
				CLANG_WARN_DEPRECATED_OBJC_IMPLEMENTATIONS = YES;
				CLANG_WARN_DIRECT_OBJC_ISA_USAGE = YES_ERROR;
				CLANG_WARN_DOCUMENTATION_COMMENTS = YES;
				CLANG_WARN_EMPTY_BODY = YES;
				CLANG_WARN_ENUM_CONVERSION = YES;
				CLANG_WARN_INFINITE_RECURSION = YES;
				CLANG_WARN_INT_CONVERSION = YES;
				CLANG_WARN_NON_LITERAL_NULL_CONVERSION = YES;
				CLANG_WARN_OBJC_IMPLICIT_RETAIN_SELF = YES;
				CLANG_WARN_OBJC_LITERAL_CONVERSION = YES;
				CLANG_WARN_OBJC_ROOT_CLASS = YES_ERROR;
				CLANG_WARN_QUOTED_INCLUDE_IN_FRAMEWORK_HEADER = YES;
				CLANG_WARN_RANGE_LOOP_ANALYSIS = YES;
				CLANG_WARN_STRICT_PROTOTYPES = YES;
				CLANG_WARN_SUSPICIOUS_MOVE = YES;
				CLANG_WARN_UNGUARDED_AVAILABILITY = YES_AGGRESSIVE;
				CLANG_WARN_UNREACHABLE_CODE = YES;
				CLANG_WARN__DUPLICATE_METHOD_MATCH = YES;
				COPY_PHASE_STRIP = NO;
				DEBUG_INFORMATION_FORMAT = "dwarf-with-dsym";
				ENABLE_NS_ASSERTIONS = NO;
				ENABLE_STRICT_OBJC_MSGSEND = YES;
				ENABLE_USER_SCRIPT_SANDBOXING = YES;
				GCC_C_LANGUAGE_STANDARD = gnu17;
				GCC_NO_COMMON_BLOCKS = YES;
				GCC_WARN_64_TO_32_BIT_CONVERSION = YES;
				GCC_WARN_ABOUT_RETURN_TYPE = YES_ERROR;
				GCC_WARN_UNDECLARED_SELECTOR = YES;
				GCC_WARN_UNINITIALIZED_AUTOS = YES_AGGRESSIVE;
				GCC_WARN_UNUSED_FUNCTION = YES;
				GCC_WARN_UNUSED_VARIABLE = YES;
				IPHONEOS_DEPLOYMENT_TARGET = 18.2;
				LOCALIZATION_PREFERS_STRING_CATALOGS = YES;
				MTL_ENABLE_DEBUG_INFO = NO;
				MTL_FAST_MATH = YES;
				SDKROOT = iphoneos;
				SWIFT_COMPILATION_MODE = wholemodule;
				VALIDATE_PRODUCT = YES;
			};
			name = Release;
		};
		E4CFCFD82DE5FEBE004631DB /* Debug */ = {
			isa = XCBuildConfiguration;
			buildSettings = {
				ASSETCATALOG_COMPILER_APPICON_NAME = AppIcon;
				ASSETCATALOG_COMPILER_GLOBAL_ACCENT_COLOR_NAME = AccentColor;
				CODE_SIGN_STYLE = Automatic;
				CURRENT_PROJECT_VERSION = 1;
				DEVELOPMENT_ASSET_PATHS = "\"ChatSwiftUi/Preview Content\"";
				DEVELOPMENT_TEAM = L8ZBV8NWR2;
				ENABLE_PREVIEWS = YES;
				GENERATE_INFOPLIST_FILE = YES;
				INFOPLIST_KEY_UIApplicationSceneManifest_Generation = YES;
				INFOPLIST_KEY_UIApplicationSupportsIndirectInputEvents = YES;
				INFOPLIST_KEY_UILaunchScreen_Generation = YES;
				INFOPLIST_KEY_UISupportedInterfaceOrientations_iPad = "UIInterfaceOrientationPortrait UIInterfaceOrientationPortraitUpsideDown UIInterfaceOrientationLandscapeLeft UIInterfaceOrientationLandscapeRight";
				INFOPLIST_KEY_UISupportedInterfaceOrientations_iPhone = "UIInterfaceOrientationPortrait UIInterfaceOrientationLandscapeLeft UIInterfaceOrientationLandscapeRight";
				LD_RUNPATH_SEARCH_PATHS = (
					"$(inherited)",
					"@executable_path/Frameworks",
				);
				MARKETING_VERSION = 1.0;
				PRODUCT_BUNDLE_IDENTIFIER = com.msalda.ChatSwiftUi;
				PRODUCT_NAME = "$(TARGET_NAME)";
				SWIFT_EMIT_LOC_STRINGS = YES;
				SWIFT_VERSION = 5.0;
				TARGETED_DEVICE_FAMILY = "1,2";
			};
			name = Debug;
		};
		E4CFCFD92DE5FEBE004631DB /* Release */ = {
			isa = XCBuildConfiguration;
			buildSettings = {
				ASSETCATALOG_COMPILER_APPICON_NAME = AppIcon;
				ASSETCATALOG_COMPILER_GLOBAL_ACCENT_COLOR_NAME = AccentColor;
				CODE_SIGN_STYLE = Automatic;
				CURRENT_PROJECT_VERSION = 1;
				DEVELOPMENT_ASSET_PATHS = "\"ChatSwiftUi/Preview Content\"";
				DEVELOPMENT_TEAM = L8ZBV8NWR2;
				ENABLE_PREVIEWS = YES;
				GENERATE_INFOPLIST_FILE = YES;
				INFOPLIST_KEY_UIApplicationSceneManifest_Generation = YES;
				INFOPLIST_KEY_UIApplicationSupportsIndirectInputEvents = YES;
				INFOPLIST_KEY_UILaunchScreen_Generation = YES;
				INFOPLIST_KEY_UISupportedInterfaceOrientations_iPad = "UIInterfaceOrientationPortrait UIInterfaceOrientationPortraitUpsideDown UIInterfaceOrientationLandscapeLeft UIInterfaceOrientationLandscapeRight";
				INFOPLIST_KEY_UISupportedInterfaceOrientations_iPhone = "UIInterfaceOrientationPortrait UIInterfaceOrientationLandscapeLeft UIInterfaceOrientationLandscapeRight";
				LD_RUNPATH_SEARCH_PATHS = (
					"$(inherited)",
					"@executable_path/Frameworks",
				);
				MARKETING_VERSION = 1.0;
				PRODUCT_BUNDLE_IDENTIFIER = com.msalda.ChatSwiftUi;
				PRODUCT_NAME = "$(TARGET_NAME)";
				SWIFT_EMIT_LOC_STRINGS = YES;
				SWIFT_VERSION = 5.0;
				TARGETED_DEVICE_FAMILY = "1,2";
			};
			name = Release;
		};
		E4CFCFDB2DE5FEBE004631DB /* Debug */ = {
			isa = XCBuildConfiguration;
			buildSettings = {
				BUNDLE_LOADER = "$(TEST_HOST)";
				CODE_SIGN_STYLE = Automatic;
				CURRENT_PROJECT_VERSION = 1;
				DEVELOPMENT_TEAM = L8ZBV8NWR2;
				GENERATE_INFOPLIST_FILE = YES;
				IPHONEOS_DEPLOYMENT_TARGET = 18.2;
				MARKETING_VERSION = 1.0;
				PRODUCT_BUNDLE_IDENTIFIER = com.msalda.ChatSwiftUiTests;
				PRODUCT_NAME = "$(TARGET_NAME)";
				SWIFT_EMIT_LOC_STRINGS = NO;
				SWIFT_VERSION = 5.0;
				TARGETED_DEVICE_FAMILY = "1,2";
				TEST_HOST = "$(BUILT_PRODUCTS_DIR)/ChatSwiftUi.app/$(BUNDLE_EXECUTABLE_FOLDER_PATH)/ChatSwiftUi";
			};
			name = Debug;
		};
		E4CFCFDC2DE5FEBE004631DB /* Release */ = {
			isa = XCBuildConfiguration;
			buildSettings = {
				BUNDLE_LOADER = "$(TEST_HOST)";
				CODE_SIGN_STYLE = Automatic;
				CURRENT_PROJECT_VERSION = 1;
				DEVELOPMENT_TEAM = L8ZBV8NWR2;
				GENERATE_INFOPLIST_FILE = YES;
				IPHONEOS_DEPLOYMENT_TARGET = 18.2;
				MARKETING_VERSION = 1.0;
				PRODUCT_BUNDLE_IDENTIFIER = com.msalda.ChatSwiftUiTests;
				PRODUCT_NAME = "$(TARGET_NAME)";
				SWIFT_EMIT_LOC_STRINGS = NO;
				SWIFT_VERSION = 5.0;
				TARGETED_DEVICE_FAMILY = "1,2";
				TEST_HOST = "$(BUILT_PRODUCTS_DIR)/ChatSwiftUi.app/$(BUNDLE_EXECUTABLE_FOLDER_PATH)/ChatSwiftUi";
			};
			name = Release;
		};
		E4CFCFDE2DE5FEBE004631DB /* Debug */ = {
			isa = XCBuildConfiguration;
			buildSettings = {
				CODE_SIGN_STYLE = Automatic;
				CURRENT_PROJECT_VERSION = 1;
				DEVELOPMENT_TEAM = L8ZBV8NWR2;
				GENERATE_INFOPLIST_FILE = YES;
				MARKETING_VERSION = 1.0;
				PRODUCT_BUNDLE_IDENTIFIER = com.msalda.ChatSwiftUiUITests;
				PRODUCT_NAME = "$(TARGET_NAME)";
				SWIFT_EMIT_LOC_STRINGS = NO;
				SWIFT_VERSION = 5.0;
				TARGETED_DEVICE_FAMILY = "1,2";
				TEST_TARGET_NAME = ChatSwiftUi;
			};
			name = Debug;
		};
		E4CFCFDF2DE5FEBE004631DB /* Release */ = {
			isa = XCBuildConfiguration;
			buildSettings = {
				CODE_SIGN_STYLE = Automatic;
				CURRENT_PROJECT_VERSION = 1;
				DEVELOPMENT_TEAM = L8ZBV8NWR2;
				GENERATE_INFOPLIST_FILE = YES;
				MARKETING_VERSION = 1.0;
				PRODUCT_BUNDLE_IDENTIFIER = com.msalda.ChatSwiftUiUITests;
				PRODUCT_NAME = "$(TARGET_NAME)";
				SWIFT_EMIT_LOC_STRINGS = NO;
				SWIFT_VERSION = 5.0;
				TARGETED_DEVICE_FAMILY = "1,2";
				TEST_TARGET_NAME = ChatSwiftUi;
			};
			name = Release;
		};
/* End XCBuildConfiguration section */

/* Begin XCConfigurationList section */
		E4CFCFAE2DE5FEBC004631DB /* Build configuration list for PBXProject "ChatSwiftUi" */ = {
			isa = XCConfigurationList;
			buildConfigurations = (
				E4CFCFD52DE5FEBE004631DB /* Debug */,
				E4CFCFD62DE5FEBE004631DB /* Release */,
			);
			defaultConfigurationIsVisible = 0;
			defaultConfigurationName = Release;
		};
		E4CFCFD72DE5FEBE004631DB /* Build configuration list for PBXNativeTarget "ChatSwiftUi" */ = {
			isa = XCConfigurationList;
			buildConfigurations = (
				E4CFCFD82DE5FEBE004631DB /* Debug */,
				E4CFCFD92DE5FEBE004631DB /* Release */,
			);
			defaultConfigurationIsVisible = 0;
			defaultConfigurationName = Release;
		};
		E4CFCFDA2DE5FEBE004631DB /* Build configuration list for PBXNativeTarget "ChatSwiftUiTests" */ = {
			isa = XCConfigurationList;
			buildConfigurations = (
				E4CFCFDB2DE5FEBE004631DB /* Debug */,
				E4CFCFDC2DE5FEBE004631DB /* Release */,
			);
			defaultConfigurationIsVisible = 0;
			defaultConfigurationName = Release;
		};
		E4CFCFDD2DE5FEBE004631DB /* Build configuration list for PBXNativeTarget "ChatSwiftUiUITests" */ = {
			isa = XCConfigurationList;
			buildConfigurations = (
				E4CFCFDE2DE5FEBE004631DB /* Debug */,
				E4CFCFDF2DE5FEBE004631DB /* Release */,
			);
			defaultConfigurationIsVisible = 0;
			defaultConfigurationName = Release;
		};
/* End XCConfigurationList section */

/* Begin XCRemoteSwiftPackageReference section */
		E4CFD0AA2DE62AB7004631DB /* XCRemoteSwiftPackageReference "firebase-ios-sdk" */ = {
			isa = XCRemoteSwiftPackageReference;
			repositoryURL = "https://github.com/firebase/firebase-ios-sdk";
			requirement = {
				kind = upToNextMajorVersion;
				minimumVersion = 11.13.0;
			};
		};
/* End XCRemoteSwiftPackageReference section */

/* Begin XCSwiftPackageProductDependency section */
		E4CFD0AB2DE62AB7004631DB /* FirebaseAI */ = {
			isa = XCSwiftPackageProductDependency;
			package = E4CFD0AA2DE62AB7004631DB /* XCRemoteSwiftPackageReference "firebase-ios-sdk" */;
			productName = FirebaseAI;
		};
		E4CFD0AD2DE62AB7004631DB /* FirebaseAnalytics */ = {
			isa = XCSwiftPackageProductDependency;
			package = E4CFD0AA2DE62AB7004631DB /* XCRemoteSwiftPackageReference "firebase-ios-sdk" */;
			productName = FirebaseAnalytics;
		};
		E4CFD0AF2DE62AB7004631DB /* FirebaseAnalyticsOnDeviceConversion */ = {
			isa = XCSwiftPackageProductDependency;
			package = E4CFD0AA2DE62AB7004631DB /* XCRemoteSwiftPackageReference "firebase-ios-sdk" */;
			productName = FirebaseAnalyticsOnDeviceConversion;
		};
		E4CFD0B12DE62AB7004631DB /* FirebaseAnalyticsWithoutAdIdSupport */ = {
			isa = XCSwiftPackageProductDependency;
			package = E4CFD0AA2DE62AB7004631DB /* XCRemoteSwiftPackageReference "firebase-ios-sdk" */;
			productName = FirebaseAnalyticsWithoutAdIdSupport;
		};
		E4CFD0B32DE62AB7004631DB /* FirebaseAppCheck */ = {
			isa = XCSwiftPackageProductDependency;
			package = E4CFD0AA2DE62AB7004631DB /* XCRemoteSwiftPackageReference "firebase-ios-sdk" */;
			productName = FirebaseAppCheck;
		};
		E4CFD0B52DE62AB7004631DB /* FirebaseAppDistribution-Beta */ = {
			isa = XCSwiftPackageProductDependency;
			package = E4CFD0AA2DE62AB7004631DB /* XCRemoteSwiftPackageReference "firebase-ios-sdk" */;
			productName = "FirebaseAppDistribution-Beta";
		};
		E4CFD0B72DE62AB7004631DB /* FirebaseAuth */ = {
			isa = XCSwiftPackageProductDependency;
			package = E4CFD0AA2DE62AB7004631DB /* XCRemoteSwiftPackageReference "firebase-ios-sdk" */;
			productName = FirebaseAuth;
		};
		E4CFD0B92DE62AB7004631DB /* FirebaseAuthCombine-Community */ = {
			isa = XCSwiftPackageProductDependency;
			package = E4CFD0AA2DE62AB7004631DB /* XCRemoteSwiftPackageReference "firebase-ios-sdk" */;
			productName = "FirebaseAuthCombine-Community";
		};
		E4CFD0BB2DE62AB7004631DB /* FirebaseCore */ = {
			isa = XCSwiftPackageProductDependency;
			package = E4CFD0AA2DE62AB7004631DB /* XCRemoteSwiftPackageReference "firebase-ios-sdk" */;
			productName = FirebaseCore;
		};
		E4CFD0BD2DE62AB7004631DB /* FirebaseCrashlytics */ = {
			isa = XCSwiftPackageProductDependency;
			package = E4CFD0AA2DE62AB7004631DB /* XCRemoteSwiftPackageReference "firebase-ios-sdk" */;
			productName = FirebaseCrashlytics;
		};
		E4CFD0BF2DE62AB7004631DB /* FirebaseDatabase */ = {
			isa = XCSwiftPackageProductDependency;
			package = E4CFD0AA2DE62AB7004631DB /* XCRemoteSwiftPackageReference "firebase-ios-sdk" */;
			productName = FirebaseDatabase;
		};
		E4CFD0C12DE62AB7004631DB /* FirebaseDynamicLinks */ = {
			isa = XCSwiftPackageProductDependency;
			package = E4CFD0AA2DE62AB7004631DB /* XCRemoteSwiftPackageReference "firebase-ios-sdk" */;
			productName = FirebaseDynamicLinks;
		};
		E4CFD0C32DE62AB7004631DB /* FirebaseFirestore */ = {
			isa = XCSwiftPackageProductDependency;
			package = E4CFD0AA2DE62AB7004631DB /* XCRemoteSwiftPackageReference "firebase-ios-sdk" */;
			productName = FirebaseFirestore;
		};
		E4CFD0C52DE62AB7004631DB /* FirebaseFirestoreCombine-Community */ = {
			isa = XCSwiftPackageProductDependency;
			package = E4CFD0AA2DE62AB7004631DB /* XCRemoteSwiftPackageReference "firebase-ios-sdk" */;
			productName = "FirebaseFirestoreCombine-Community";
		};
		E4CFD0C72DE62AB7004631DB /* FirebaseFunctions */ = {
			isa = XCSwiftPackageProductDependency;
			package = E4CFD0AA2DE62AB7004631DB /* XCRemoteSwiftPackageReference "firebase-ios-sdk" */;
			productName = FirebaseFunctions;
		};
		E4CFD0C92DE62AB7004631DB /* FirebaseFunctionsCombine-Community */ = {
			isa = XCSwiftPackageProductDependency;
			package = E4CFD0AA2DE62AB7004631DB /* XCRemoteSwiftPackageReference "firebase-ios-sdk" */;
			productName = "FirebaseFunctionsCombine-Community";
		};
		E4CFD0CB2DE62AB7004631DB /* FirebaseInAppMessaging-Beta */ = {
			isa = XCSwiftPackageProductDependency;
			package = E4CFD0AA2DE62AB7004631DB /* XCRemoteSwiftPackageReference "firebase-ios-sdk" */;
			productName = "FirebaseInAppMessaging-Beta";
		};
		E4CFD0CD2DE62AB7004631DB /* FirebaseInstallations */ = {
			isa = XCSwiftPackageProductDependency;
			package = E4CFD0AA2DE62AB7004631DB /* XCRemoteSwiftPackageReference "firebase-ios-sdk" */;
			productName = FirebaseInstallations;
		};
		E4CFD0CF2DE62AB7004631DB /* FirebaseMLModelDownloader */ = {
			isa = XCSwiftPackageProductDependency;
			package = E4CFD0AA2DE62AB7004631DB /* XCRemoteSwiftPackageReference "firebase-ios-sdk" */;
			productName = FirebaseMLModelDownloader;
		};
		E4CFD0D12DE62AB7004631DB /* FirebaseMessaging */ = {
			isa = XCSwiftPackageProductDependency;
			package = E4CFD0AA2DE62AB7004631DB /* XCRemoteSwiftPackageReference "firebase-ios-sdk" */;
			productName = FirebaseMessaging;
		};
		E4CFD0D32DE62AB7004631DB /* FirebasePerformance */ = {
			isa = XCSwiftPackageProductDependency;
			package = E4CFD0AA2DE62AB7004631DB /* XCRemoteSwiftPackageReference "firebase-ios-sdk" */;
			productName = FirebasePerformance;
		};
		E4CFD0D52DE62AB7004631DB /* FirebaseRemoteConfig */ = {
			isa = XCSwiftPackageProductDependency;
			package = E4CFD0AA2DE62AB7004631DB /* XCRemoteSwiftPackageReference "firebase-ios-sdk" */;
			productName = FirebaseRemoteConfig;
		};
		E4CFD0D72DE62AB7004631DB /* FirebaseStorage */ = {
			isa = XCSwiftPackageProductDependency;
			package = E4CFD0AA2DE62AB7004631DB /* XCRemoteSwiftPackageReference "firebase-ios-sdk" */;
			productName = FirebaseStorage;
		};
		E4CFD0D92DE62AB7004631DB /* FirebaseStorageCombine-Community */ = {
			isa = XCSwiftPackageProductDependency;
			package = E4CFD0AA2DE62AB7004631DB /* XCRemoteSwiftPackageReference "firebase-ios-sdk" */;
			productName = "FirebaseStorageCombine-Community";
		};
		E4CFD0DB2DE62AB7004631DB /* FirebaseVertexAI */ = {
			isa = XCSwiftPackageProductDependency;
			package = E4CFD0AA2DE62AB7004631DB /* XCRemoteSwiftPackageReference "firebase-ios-sdk" */;
			productName = FirebaseVertexAI;
		};
/* End XCSwiftPackageProductDependency section */
	};
	rootObject = E4CFCFAB2DE5FEBC004631DB /* Project object */;
}
